{
  "name": "discord-bot-maker-bot",
  "version": "1.6.10",
  "lockfileVersion": 1,
  "requires": true,
  "dependencies": {
    "data-save": {
      "version": "0.1.14",
      "resolved": "https://registry.npmjs.org/data-save/-/data-save-0.1.14.tgz",
      "integrity": "sha1-+PBbFqBvNIbtr90tvwX0y5Z/4+c="
    },
    "load-data": {
      "version": "0.2.1",
      "resolved": "https://registry.npmjs.org/load-data/-/load-data-0.2.1.tgz",
      "integrity": "sha1-B3ao/sJ7jBMbgAfraTw38i4pfOo="
    },
    "node": {
      "version": "12.2.0",
      "resolved": "https://registry.npmjs.org/node/-/node-12.2.0.tgz",
      "integrity": "sha512-fW3R9dLW/R6MImarR8ETTKaeSAcECYcB0NL6xR4/K05h2M3M5t1Sf6hfMaIYr8mDBgTHwDvYxiwUA0RALWuwMQ==",
      "requires": {
        "node-bin-setup": "^1.0.0"
      }
    },
    "node-bin-setup": {
      "version": "1.0.6",
      "resolved": "https://registry.npmjs.org/node-bin-setup/-/node-bin-setup-1.0.6.tgz",
      "integrity": "sha512-uPIxXNis1CRbv1DwqAxkgBk5NFV3s7cMN/Gf556jSw6jBvV7ca4F9lRL/8cALcZecRibeqU+5dFYqFFmzv5a0Q=="
    }
  }
}
