{
  "name": "discord-bot-maker-bot",
  "version": "1.6.10",
  "lockfileVersion": 1,
  "requires": true,
  "dependencies": {
    "data-save": {
      "version": "0.1.14",
      "resolved": "https://registry.npmjs.org/data-save/-/data-save-0.1.14.tgz",
      "integrity": "sha1-+PBbFqBvNIbtr90tvwX0y5Z/4+c="
    }
  }
}
